// !$*UTF8*$!
{
	archiveVersion = 1;
	classes = {
	};
	objectVersion = 55;
	objects = {

/* Begin PBXBuildFile section */
		947C3022287C980500545188 /* PopularCollectionViewCell.swift in Sources */ = {isa = PBXBuildFile; fileRef = 947C3021287C980500545188 /* PopularCollectionViewCell.swift */; };
		947C3024287C98E500545188 /* NowPlayingCollectionViewCell.swift in Sources */ = {isa = PBXBuildFile; fileRef = 947C3023287C98E500545188 /* NowPlayingCollectionViewCell.swift */; };
		949164512874AEAD00A6E4B2 /* AppDelegate.swift in Sources */ = {isa = PBXBuildFile; fileRef = 949164502874AEAD00A6E4B2 /* AppDelegate.swift */; };
		949164532874AEAD00A6E4B2 /* SceneDelegate.swift in Sources */ = {isa = PBXBuildFile; fileRef = 949164522874AEAD00A6E4B2 /* SceneDelegate.swift */; };
		949164552874AEAD00A6E4B2 /* FeaturedViewController.swift in Sources */ = {isa = PBXBuildFile; fileRef = 949164542874AEAD00A6E4B2 /* FeaturedViewController.swift */; };
		949164582874AEAD00A6E4B2 /* Main.storyboard in Resources */ = {isa = PBXBuildFile; fileRef = 949164562874AEAD00A6E4B2 /* Main.storyboard */; };
		9491645A2874AEB100A6E4B2 /* Assets.xcassets in Resources */ = {isa = PBXBuildFile; fileRef = 949164592874AEB100A6E4B2 /* Assets.xcassets */; };
		9491645D2874AEB100A6E4B2 /* LaunchScreen.storyboard in Resources */ = {isa = PBXBuildFile; fileRef = 9491645B2874AEB100A6E4B2 /* LaunchScreen.storyboard */; };
		94EC684A287DEE4B00CE23FE /* Movie.swift in Sources */ = {isa = PBXBuildFile; fileRef = 94EC6849287DEE4B00CE23FE /* Movie.swift */; };
		94EC6850287DF54A00CE23FE /* Movie+TrendingToday.swift in Sources */ = {isa = PBXBuildFile; fileRef = 94EC684B287DF54A00CE23FE /* Movie+TrendingToday.swift */; };
		94EC6851287DF54A00CE23FE /* Movie+TrendingThisWeek.swift in Sources */ = {isa = PBXBuildFile; fileRef = 94EC684C287DF54A00CE23FE /* Movie+TrendingThisWeek.swift */; };
		94EC6852287DF54A00CE23FE /* Movie+Popular.swift in Sources */ = {isa = PBXBuildFile; fileRef = 94EC684D287DF54A00CE23FE /* Movie+Popular.swift */; };
		94EC6853287DF54A00CE23FE /* Movie+Upcoming.swift in Sources */ = {isa = PBXBuildFile; fileRef = 94EC684E287DF54A00CE23FE /* Movie+Upcoming.swift */; };
		94EC6854287DF54A00CE23FE /* Movie+NowPlaying.swift in Sources */ = {isa = PBXBuildFile; fileRef = 94EC684F287DF54A00CE23FE /* Movie+NowPlaying.swift */; };
		94EC6856287E145400CE23FE /* FeaturedViewController+UICollectionViewDataSource.swift in Sources */ = {isa = PBXBuildFile; fileRef = 94EC6855287E145400CE23FE /* FeaturedViewController+UICollectionViewDataSource.swift */; };
		94EC6858287F3F0700CE23FE /* DetailsViewController.swift in Sources */ = {isa = PBXBuildFile; fileRef = 94EC6857287F3F0700CE23FE /* DetailsViewController.swift */; };
		94EC685A287F47F100CE23FE /* FeaturedViewController+UICollectionViewDelegate.swift in Sources */ = {isa = PBXBuildFile; fileRef = 94EC6859287F47F100CE23FE /* FeaturedViewController+UICollectionViewDelegate.swift */; };
/* End PBXBuildFile section */

/* Begin PBXFileReference section */
		947C3021287C980500545188 /* PopularCollectionViewCell.swift */ = {isa = PBXFileReference; lastKnownFileType = sourcecode.swift; path = PopularCollectionViewCell.swift; sourceTree = "<group>"; };
		947C3023287C98E500545188 /* NowPlayingCollectionViewCell.swift */ = {isa = PBXFileReference; lastKnownFileType = sourcecode.swift; path = NowPlayingCollectionViewCell.swift; sourceTree = "<group>"; };
		9491644D2874AEAD00A6E4B2 /* filminho.app */ = {isa = PBXFileReference; explicitFileType = wrapper.application; includeInIndex = 0; path = filminho.app; sourceTree = BUILT_PRODUCTS_DIR; };
		949164502874AEAD00A6E4B2 /* AppDelegate.swift */ = {isa = PBXFileReference; lastKnownFileType = sourcecode.swift; path = AppDelegate.swift; sourceTree = "<group>"; };
		949164522874AEAD00A6E4B2 /* SceneDelegate.swift */ = {isa = PBXFileReference; lastKnownFileType = sourcecode.swift; path = SceneDelegate.swift; sourceTree = "<group>"; };
		949164542874AEAD00A6E4B2 /* FeaturedViewController.swift */ = {isa = PBXFileReference; lastKnownFileType = sourcecode.swift; path = FeaturedViewController.swift; sourceTree = "<group>"; };
		949164572874AEAD00A6E4B2 /* Base */ = {isa = PBXFileReference; lastKnownFileType = file.storyboard; name = Base; path = Base.lproj/Main.storyboard; sourceTree = "<group>"; };
		949164592874AEB100A6E4B2 /* Assets.xcassets */ = {isa = PBXFileReference; lastKnownFileType = folder.assetcatalog; path = Assets.xcassets; sourceTree = "<group>"; };
		9491645C2874AEB100A6E4B2 /* Base */ = {isa = PBXFileReference; lastKnownFileType = file.storyboard; name = Base; path = Base.lproj/LaunchScreen.storyboard; sourceTree = "<group>"; };
		9491645E2874AEB100A6E4B2 /* Info.plist */ = {isa = PBXFileReference; lastKnownFileType = text.plist.xml; path = Info.plist; sourceTree = "<group>"; };
		94EC6849287DEE4B00CE23FE /* Movie.swift */ = {isa = PBXFileReference; lastKnownFileType = sourcecode.swift; path = Movie.swift; sourceTree = "<group>"; };
		94EC684B287DF54A00CE23FE /* Movie+TrendingToday.swift */ = {isa = PBXFileReference; fileEncoding = 4; lastKnownFileType = sourcecode.swift; path = "Movie+TrendingToday.swift"; sourceTree = "<group>"; };
		94EC684C287DF54A00CE23FE /* Movie+TrendingThisWeek.swift */ = {isa = PBXFileReference; fileEncoding = 4; lastKnownFileType = sourcecode.swift; path = "Movie+TrendingThisWeek.swift"; sourceTree = "<group>"; };
		94EC684D287DF54A00CE23FE /* Movie+Popular.swift */ = {isa = PBXFileReference; fileEncoding = 4; lastKnownFileType = sourcecode.swift; path = "Movie+Popular.swift"; sourceTree = "<group>"; };
		94EC684E287DF54A00CE23FE /* Movie+Upcoming.swift */ = {isa = PBXFileReference; fileEncoding = 4; lastKnownFileType = sourcecode.swift; path = "Movie+Upcoming.swift"; sourceTree = "<group>"; };
		94EC684F287DF54A00CE23FE /* Movie+NowPlaying.swift */ = {isa = PBXFileReference; fileEncoding = 4; lastKnownFileType = sourcecode.swift; path = "Movie+NowPlaying.swift"; sourceTree = "<group>"; };
		94EC6855287E145400CE23FE /* FeaturedViewController+UICollectionViewDataSource.swift */ = {isa = PBXFileReference; lastKnownFileType = sourcecode.swift; path = "FeaturedViewController+UICollectionViewDataSource.swift"; sourceTree = "<group>"; };
		94EC6857287F3F0700CE23FE /* DetailsViewController.swift */ = {isa = PBXFileReference; lastKnownFileType = sourcecode.swift; path = DetailsViewController.swift; sourceTree = "<group>"; };
		94EC6859287F47F100CE23FE /* FeaturedViewController+UICollectionViewDelegate.swift */ = {isa = PBXFileReference; lastKnownFileType = sourcecode.swift; path = "FeaturedViewController+UICollectionViewDelegate.swift"; sourceTree = "<group>"; };
/* End PBXFileReference section */

/* Begin PBXFrameworksBuildPhase section */
		9491644A2874AEAD00A6E4B2 /* Frameworks */ = {
			isa = PBXFrameworksBuildPhase;
			buildActionMask = 2147483647;
			files = (
			);
			runOnlyForDeploymentPostprocessing = 0;
		};
/* End PBXFrameworksBuildPhase section */

/* Begin PBXGroup section */
		947C3025287C9A0100545188 /* View */ = {
			isa = PBXGroup;
			children = (
				947C3021287C980500545188 /* PopularCollectionViewCell.swift */,
				947C3023287C98E500545188 /* NowPlayingCollectionViewCell.swift */,
				9491645B2874AEB100A6E4B2 /* LaunchScreen.storyboard */,
				949164562874AEAD00A6E4B2 /* Main.storyboard */,
			);
			path = View;
			sourceTree = "<group>";
		};
		947C3026287C9A1800545188 /* Controllers */ = {
			isa = PBXGroup;
			children = (
				949164542874AEAD00A6E4B2 /* FeaturedViewController.swift */,
				94EC6855287E145400CE23FE /* FeaturedViewController+UICollectionViewDataSource.swift */,
				94EC6857287F3F0700CE23FE /* DetailsViewController.swift */,
				94EC6859287F47F100CE23FE /* FeaturedViewController+UICollectionViewDelegate.swift */,
			);
			path = Controllers;
			sourceTree = "<group>";
		};
		947C3027287C9E3D00545188 /* SuportingFiles */ = {
			isa = PBXGroup;
			children = (
				9491645E2874AEB100A6E4B2 /* Info.plist */,
				949164592874AEB100A6E4B2 /* Assets.xcassets */,
			);
			name = SuportingFiles;
			sourceTree = "<group>";
		};
		949164442874AEAD00A6E4B2 = {
			isa = PBXGroup;
			children = (
				9491644F2874AEAD00A6E4B2 /* filminho */,
				9491644E2874AEAD00A6E4B2 /* Products */,
			);
			sourceTree = "<group>";
		};
		9491644E2874AEAD00A6E4B2 /* Products */ = {
			isa = PBXGroup;
			children = (
				9491644D2874AEAD00A6E4B2 /* filminho.app */,
			);
			name = Products;
			sourceTree = "<group>";
		};
		9491644F2874AEAD00A6E4B2 /* filminho */ = {
			isa = PBXGroup;
			children = (
				949164502874AEAD00A6E4B2 /* AppDelegate.swift */,
				949164522874AEAD00A6E4B2 /* SceneDelegate.swift */,
				947C3026287C9A1800545188 /* Controllers */,
				947C3025287C9A0100545188 /* View */,
				947C3027287C9E3D00545188 /* SuportingFiles */,
				94EC6848287DEE1D00CE23FE /* Models */,
			);
			path = filminho;
			sourceTree = "<group>";
		};
		94EC6848287DEE1D00CE23FE /* Models */ = {
			isa = PBXGroup;
			children = (
				94EC684F287DF54A00CE23FE /* Movie+NowPlaying.swift */,
				94EC684D287DF54A00CE23FE /* Movie+Popular.swift */,
				94EC684C287DF54A00CE23FE /* Movie+TrendingThisWeek.swift */,
				94EC684B287DF54A00CE23FE /* Movie+TrendingToday.swift */,
				94EC684E287DF54A00CE23FE /* Movie+Upcoming.swift */,
				94EC6849287DEE4B00CE23FE /* Movie.swift */,
			);
			path = Models;
			sourceTree = "<group>";
		};
/* End PBXGroup section */

/* Begin PBXNativeTarget section */
		9491644C2874AEAD00A6E4B2 /* filminho */ = {
			isa = PBXNativeTarget;
			buildConfigurationList = 949164612874AEB100A6E4B2 /* Build configuration list for PBXNativeTarget "filminho" */;
			buildPhases = (
				949164492874AEAD00A6E4B2 /* Sources */,
				9491644A2874AEAD00A6E4B2 /* Frameworks */,
				9491644B2874AEAD00A6E4B2 /* Resources */,
			);
			buildRules = (
			);
			dependencies = (
			);
			name = filminho;
			productName = filminho;
			productReference = 9491644D2874AEAD00A6E4B2 /* filminho.app */;
			productType = "com.apple.product-type.application";
		};
/* End PBXNativeTarget section */

/* Begin PBXProject section */
		949164452874AEAD00A6E4B2 /* Project object */ = {
			isa = PBXProject;
			attributes = {
				BuildIndependentTargetsInParallel = 1;
				LastSwiftUpdateCheck = 1340;
				LastUpgradeCheck = 1340;
				TargetAttributes = {
					9491644C2874AEAD00A6E4B2 = {
						CreatedOnToolsVersion = 13.4.1;
					};
				};
			};
			buildConfigurationList = 949164482874AEAD00A6E4B2 /* Build configuration list for PBXProject "filminho" */;
			compatibilityVersion = "Xcode 13.0";
			developmentRegion = en;
			hasScannedForEncodings = 0;
			knownRegions = (
				en,
				Base,
			);
			mainGroup = 949164442874AEAD00A6E4B2;
			productRefGroup = 9491644E2874AEAD00A6E4B2 /* Products */;
			projectDirPath = "";
			projectRoot = "";
			targets = (
				9491644C2874AEAD00A6E4B2 /* filminho */,
			);
		};
/* End PBXProject section */

/* Begin PBXResourcesBuildPhase section */
		9491644B2874AEAD00A6E4B2 /* Resources */ = {
			isa = PBXResourcesBuildPhase;
			buildActionMask = 2147483647;
			files = (
				9491645D2874AEB100A6E4B2 /* LaunchScreen.storyboard in Resources */,
				9491645A2874AEB100A6E4B2 /* Assets.xcassets in Resources */,
				949164582874AEAD00A6E4B2 /* Main.storyboard in Resources */,
			);
			runOnlyForDeploymentPostprocessing = 0;
		};
/* End PBXResourcesBuildPhase section */

/* Begin PBXSourcesBuildPhase section */
		949164492874AEAD00A6E4B2 /* Sources */ = {
			isa = PBXSourcesBuildPhase;
			buildActionMask = 2147483647;
			files = (
				94EC6853287DF54A00CE23FE /* Movie+Upcoming.swift in Sources */,
				94EC6850287DF54A00CE23FE /* Movie+TrendingToday.swift in Sources */,
				94EC6851287DF54A00CE23FE /* Movie+TrendingThisWeek.swift in Sources */,
				94EC6852287DF54A00CE23FE /* Movie+Popular.swift in Sources */,
				94EC6856287E145400CE23FE /* FeaturedViewController+UICollectionViewDataSource.swift in Sources */,
				947C3024287C98E500545188 /* NowPlayingCollectionViewCell.swift in Sources */,
				947C3022287C980500545188 /* PopularCollectionViewCell.swift in Sources */,
				94EC6854287DF54A00CE23FE /* Movie+NowPlaying.swift in Sources */,
				94EC685A287F47F100CE23FE /* FeaturedViewController+UICollectionViewDelegate.swift in Sources */,
				94EC684A287DEE4B00CE23FE /* Movie.swift in Sources */,
				949164552874AEAD00A6E4B2 /* FeaturedViewController.swift in Sources */,
				949164512874AEAD00A6E4B2 /* AppDelegate.swift in Sources */,
				94EC6858287F3F0700CE23FE /* DetailsViewController.swift in Sources */,
				949164532874AEAD00A6E4B2 /* SceneDelegate.swift in Sources */,
			);
			runOnlyForDeploymentPostprocessing = 0;
		};
/* End PBXSourcesBuildPhase section */

/* Begin PBXVariantGroup section */
		949164562874AEAD00A6E4B2 /* Main.storyboard */ = {
			isa = PBXVariantGroup;
			children = (
				949164572874AEAD00A6E4B2 /* Base */,
			);
			name = Main.storyboard;
			sourceTree = "<group>";
		};
		9491645B2874AEB100A6E4B2 /* LaunchScreen.storyboard */ = {
			isa = PBXVariantGroup;
			children = (
				9491645C2874AEB100A6E4B2 /* Base */,
			);
			name = LaunchScreen.storyboard;
			sourceTree = "<group>";
		};
/* End PBXVariantGroup section */

/* Begin XCBuildConfiguration section */
		9491645F2874AEB100A6E4B2 /* Debug */ = {
			isa = XCBuildConfiguration;
			buildSettings = {
				ALWAYS_SEARCH_USER_PATHS = NO;
				CLANG_ANALYZER_NONNULL = YES;
				CLANG_ANALYZER_NUMBER_OBJECT_CONVERSION = YES_AGGRESSIVE;
				CLANG_CXX_LANGUAGE_STANDARD = "gnu++17";
				CLANG_ENABLE_MODULES = YES;
				CLANG_ENABLE_OBJC_ARC = YES;
				CLANG_ENABLE_OBJC_WEAK = YES;
				CLANG_WARN_BLOCK_CAPTURE_AUTORELEASING = YES;
				CLANG_WARN_BOOL_CONVERSION = YES;
				CLANG_WARN_COMMA = YES;
				CLANG_WARN_CONSTANT_CONVERSION = YES;
				CLANG_WARN_DEPRECATED_OBJC_IMPLEMENTATIONS = YES;
				CLANG_WARN_DIRECT_OBJC_ISA_USAGE = YES_ERROR;
				CLANG_WARN_DOCUMENTATION_COMMENTS = YES;
				CLANG_WARN_EMPTY_BODY = YES;
				CLANG_WARN_ENUM_CONVERSION = YES;
				CLANG_WARN_INFINITE_RECURSION = YES;
				CLANG_WARN_INT_CONVERSION = YES;
				CLANG_WARN_NON_LITERAL_NULL_CONVERSION = YES;
				CLANG_WARN_OBJC_IMPLICIT_RETAIN_SELF = YES;
				CLANG_WARN_OBJC_LITERAL_CONVERSION = YES;
				CLANG_WARN_OBJC_ROOT_CLASS = YES_ERROR;
				CLANG_WARN_QUOTED_INCLUDE_IN_FRAMEWORK_HEADER = YES;
				CLANG_WARN_RANGE_LOOP_ANALYSIS = YES;
				CLANG_WARN_STRICT_PROTOTYPES = YES;
				CLANG_WARN_SUSPICIOUS_MOVE = YES;
				CLANG_WARN_UNGUARDED_AVAILABILITY = YES_AGGRESSIVE;
				CLANG_WARN_UNREACHABLE_CODE = YES;
				CLANG_WARN__DUPLICATE_METHOD_MATCH = YES;
				COPY_PHASE_STRIP = NO;
				DEBUG_INFORMATION_FORMAT = dwarf;
				ENABLE_STRICT_OBJC_MSGSEND = YES;
				ENABLE_TESTABILITY = YES;
				GCC_C_LANGUAGE_STANDARD = gnu11;
				GCC_DYNAMIC_NO_PIC = NO;
				GCC_NO_COMMON_BLOCKS = YES;
				GCC_OPTIMIZATION_LEVEL = 0;
				GCC_PREPROCESSOR_DEFINITIONS = (
					"DEBUG=1",
					"$(inherited)",
				);
				GCC_WARN_64_TO_32_BIT_CONVERSION = YES;
				GCC_WARN_ABOUT_RETURN_TYPE = YES_ERROR;
				GCC_WARN_UNDECLARED_SELECTOR = YES;
				GCC_WARN_UNINITIALIZED_AUTOS = YES_AGGRESSIVE;
				GCC_WARN_UNUSED_FUNCTION = YES;
				GCC_WARN_UNUSED_VARIABLE = YES;
				IPHONEOS_DEPLOYMENT_TARGET = 15.5;
				MTL_ENABLE_DEBUG_INFO = INCLUDE_SOURCE;
				MTL_FAST_MATH = YES;
				ONLY_ACTIVE_ARCH = YES;
				SDKROOT = iphoneos;
				SWIFT_ACTIVE_COMPILATION_CONDITIONS = DEBUG;
				SWIFT_OPTIMIZATION_LEVEL = "-Onone";
			};
			name = Debug;
		};
		949164602874AEB100A6E4B2 /* Release */ = {
			isa = XCBuildConfiguration;
			buildSettings = {
				ALWAYS_SEARCH_USER_PATHS = NO;
				CLANG_ANALYZER_NONNULL = YES;
				CLANG_ANALYZER_NUMBER_OBJECT_CONVERSION = YES_AGGRESSIVE;
				CLANG_CXX_LANGUAGE_STANDARD = "gnu++17";
				CLANG_ENABLE_MODULES = YES;
				CLANG_ENABLE_OBJC_ARC = YES;
				CLANG_ENABLE_OBJC_WEAK = YES;
				CLANG_WARN_BLOCK_CAPTURE_AUTORELEASING = YES;
				CLANG_WARN_BOOL_CONVERSION = YES;
				CLANG_WARN_COMMA = YES;
				CLANG_WARN_CONSTANT_CONVERSION = YES;
				CLANG_WARN_DEPRECATED_OBJC_IMPLEMENTATIONS = YES;
				CLANG_WARN_DIRECT_OBJC_ISA_USAGE = YES_ERROR;
				CLANG_WARN_DOCUMENTATION_COMMENTS = YES;
				CLANG_WARN_EMPTY_BODY = YES;
				CLANG_WARN_ENUM_CONVERSION = YES;
				CLANG_WARN_INFINITE_RECURSION = YES;
				CLANG_WARN_INT_CONVERSION = YES;
				CLANG_WARN_NON_LITERAL_NULL_CONVERSION = YES;
				CLANG_WARN_OBJC_IMPLICIT_RETAIN_SELF = YES;
				CLANG_WARN_OBJC_LITERAL_CONVERSION = YES;
				CLANG_WARN_OBJC_ROOT_CLASS = YES_ERROR;
				CLANG_WARN_QUOTED_INCLUDE_IN_FRAMEWORK_HEADER = YES;
				CLANG_WARN_RANGE_LOOP_ANALYSIS = YES;
				CLANG_WARN_STRICT_PROTOTYPES = YES;
				CLANG_WARN_SUSPICIOUS_MOVE = YES;
				CLANG_WARN_UNGUARDED_AVAILABILITY = YES_AGGRESSIVE;
				CLANG_WARN_UNREACHABLE_CODE = YES;
				CLANG_WARN__DUPLICATE_METHOD_MATCH = YES;
				COPY_PHASE_STRIP = NO;
				DEBUG_INFORMATION_FORMAT = "dwarf-with-dsym";
				ENABLE_NS_ASSERTIONS = NO;
				ENABLE_STRICT_OBJC_MSGSEND = YES;
				GCC_C_LANGUAGE_STANDARD = gnu11;
				GCC_NO_COMMON_BLOCKS = YES;
				GCC_WARN_64_TO_32_BIT_CONVERSION = YES;
				GCC_WARN_ABOUT_RETURN_TYPE = YES_ERROR;
				GCC_WARN_UNDECLARED_SELECTOR = YES;
				GCC_WARN_UNINITIALIZED_AUTOS = YES_AGGRESSIVE;
				GCC_WARN_UNUSED_FUNCTION = YES;
				GCC_WARN_UNUSED_VARIABLE = YES;
				IPHONEOS_DEPLOYMENT_TARGET = 15.5;
				MTL_ENABLE_DEBUG_INFO = NO;
				MTL_FAST_MATH = YES;
				SDKROOT = iphoneos;
				SWIFT_COMPILATION_MODE = wholemodule;
				SWIFT_OPTIMIZATION_LEVEL = "-O";
				VALIDATE_PRODUCT = YES;
			};
			name = Release;
		};
		949164622874AEB100A6E4B2 /* Debug */ = {
			isa = XCBuildConfiguration;
			buildSettings = {
				ASSETCATALOG_COMPILER_APPICON_NAME = AppIcon;
				ASSETCATALOG_COMPILER_GLOBAL_ACCENT_COLOR_NAME = AccentColor;
				CODE_SIGN_STYLE = Automatic;
				CURRENT_PROJECT_VERSION = 1;
				DEVELOPMENT_TEAM = 38JDBWN7B4;
				GENERATE_INFOPLIST_FILE = YES;
				INFOPLIST_FILE = filminho/Info.plist;
				INFOPLIST_KEY_UIApplicationSupportsIndirectInputEvents = YES;
				INFOPLIST_KEY_UILaunchStoryboardName = LaunchScreen;
				INFOPLIST_KEY_UIMainStoryboardFile = Main;
				INFOPLIST_KEY_UISupportedInterfaceOrientations_iPad = "UIInterfaceOrientationPortrait UIInterfaceOrientationPortraitUpsideDown UIInterfaceOrientationLandscapeLeft UIInterfaceOrientationLandscapeRight";
				INFOPLIST_KEY_UISupportedInterfaceOrientations_iPhone = "UIInterfaceOrientationPortrait UIInterfaceOrientationLandscapeLeft UIInterfaceOrientationLandscapeRight";
				LD_RUNPATH_SEARCH_PATHS = (
					"$(inherited)",
					"@executable_path/Frameworks",
				);
				MARKETING_VERSION = 1.0;
				PRODUCT_BUNDLE_IDENTIFIER = academy.michelly.filminho;
				PRODUCT_NAME = "$(TARGET_NAME)";
				SWIFT_EMIT_LOC_STRINGS = YES;
				SWIFT_VERSION = 5.0;
				TARGETED_DEVICE_FAMILY = "1,2";
			};
			name = Debug;
		};
		949164632874AEB100A6E4B2 /* Release */ = {
			isa = XCBuildConfiguration;
			buildSettings = {
				ASSETCATALOG_COMPILER_APPICON_NAME = AppIcon;
				ASSETCATALOG_COMPILER_GLOBAL_ACCENT_COLOR_NAME = AccentColor;
				CODE_SIGN_STYLE = Automatic;
				CURRENT_PROJECT_VERSION = 1;
				DEVELOPMENT_TEAM = 38JDBWN7B4;
				GENERATE_INFOPLIST_FILE = YES;
				INFOPLIST_FILE = filminho/Info.plist;
				INFOPLIST_KEY_UIApplicationSupportsIndirectInputEvents = YES;
				INFOPLIST_KEY_UILaunchStoryboardName = LaunchScreen;
				INFOPLIST_KEY_UIMainStoryboardFile = Main;
				INFOPLIST_KEY_UISupportedInterfaceOrientations_iPad = "UIInterfaceOrientationPortrait UIInterfaceOrientationPortraitUpsideDown UIInterfaceOrientationLandscapeLeft UIInterfaceOrientationLandscapeRight";
				INFOPLIST_KEY_UISupportedInterfaceOrientations_iPhone = "UIInterfaceOrientationPortrait UIInterfaceOrientationLandscapeLeft UIInterfaceOrientationLandscapeRight";
				LD_RUNPATH_SEARCH_PATHS = (
					"$(inherited)",
					"@executable_path/Frameworks",
				);
				MARKETING_VERSION = 1.0;
				PRODUCT_BUNDLE_IDENTIFIER = academy.michelly.filminho;
				PRODUCT_NAME = "$(TARGET_NAME)";
				SWIFT_EMIT_LOC_STRINGS = YES;
				SWIFT_VERSION = 5.0;
				TARGETED_DEVICE_FAMILY = "1,2";
			};
			name = Release;
		};
/* End XCBuildConfiguration section */

/* Begin XCConfigurationList section */
		949164482874AEAD00A6E4B2 /* Build configuration list for PBXProject "filminho" */ = {
			isa = XCConfigurationList;
			buildConfigurations = (
				9491645F2874AEB100A6E4B2 /* Debug */,
				949164602874AEB100A6E4B2 /* Release */,
			);
			defaultConfigurationIsVisible = 0;
			defaultConfigurationName = Release;
		};
		949164612874AEB100A6E4B2 /* Build configuration list for PBXNativeTarget "filminho" */ = {
			isa = XCConfigurationList;
			buildConfigurations = (
				949164622874AEB100A6E4B2 /* Debug */,
				949164632874AEB100A6E4B2 /* Release */,
			);
			defaultConfigurationIsVisible = 0;
			defaultConfigurationName = Release;
		};
/* End XCConfigurationList section */
	};
	rootObject = 949164452874AEAD00A6E4B2 /* Project object */;
}
